
Microsoft Visual Studio Solution File, Format Version 12.00
# Visual Studio Version 16
VisualStudioVersion = 16.0.30611.23
MinimumVisualStudioVersion = 10.0.40219.1
Project("{FAE04EC0-301F-11D3-BF4B-00C04F79EFBC}") = "Domino", "Domino.csproj", "{AF07932F-24AF-45E0-8038-B6367A5E4981}"
EndProject
Global
	GlobalSection(SolutionConfigurationPlatforms) = preSolution
		Debug|Any CPU = Debug|Any CPU
		Release|Any CPU = Release|Any CPU
	EndGlobalSection
	GlobalSection(ProjectConfigurationPlatforms) = postSolution
		{AF07932F-24AF-45E0-8038-B6367A5E4981}.Debug|Any CPU.ActiveCfg = Debug|Any CPU
		{AF07932F-24AF-45E0-8038-B6367A5E4981}.Debug|Any CPU.Build.0 = Debug|Any CPU
		{AF07932F-24AF-45E0-8038-B6367A5E4981}.Release|Any CPU.ActiveCfg = Release|Any CPU
		{AF07932F-24AF-45E0-8038-B6367A5E4981}.Release|Any CPU.Build.0 = Release|Any CPU
	EndGlobalSection
	GlobalSection(SolutionProperties) = preSolution
		HideSolutionNode = FALSE
	EndGlobalSection
	GlobalSection(ExtensibilityGlobals) = postSolution
		SolutionGuid = {B3C51D8C-9144-43E6-906F-55AFCEDDC40B}
	EndGlobalSection
EndGlobal
